
Microsoft Visual Studio Solution File, Format Version 12.00
# Visual Studio Version 16
VisualStudioVersion = 16.0.30114.105
MinimumVisualStudioVersion = 10.0.40219.1
Project("{9A19103F-16F7-4668-BE54-9A1E7A4F7556}") = "API", "API\API.csproj", "{45580A0A-7597-497F-978A-DB380E96CCF1}"
EndProject
Project("{FAE04EC0-301F-11D3-BF4B-00C04F79EFBC}") = "API.Data", "API.Data\API.Data.csproj", "{DD18CCA0-7FD1-413B-9A33-CC622501BCD3}"
EndProject
Global
	GlobalSection(SolutionConfigurationPlatforms) = preSolution
		Debug|Any CPU = Debug|Any CPU
		Debug|x64 = Debug|x64
		Debug|x86 = Debug|x86
		Release|Any CPU = Release|Any CPU
		Release|x64 = Release|x64
		Release|x86 = Release|x86
	EndGlobalSection
	GlobalSection(ProjectConfigurationPlatforms) = postSolution
		{45580A0A-7597-497F-978A-DB380E96CCF1}.Debug|Any CPU.ActiveCfg = Debug|Any CPU
		{45580A0A-7597-497F-978A-DB380E96CCF1}.Debug|Any CPU.Build.0 = Debug|Any CPU
		{45580A0A-7597-497F-978A-DB380E96CCF1}.Debug|x64.ActiveCfg = Debug|Any CPU
		{45580A0A-7597-497F-978A-DB380E96CCF1}.Debug|x64.Build.0 = Debug|Any CPU
		{45580A0A-7597-497F-978A-DB380E96CCF1}.Debug|x86.ActiveCfg = Debug|Any CPU
		{45580A0A-7597-497F-978A-DB380E96CCF1}.Debug|x86.Build.0 = Debug|Any CPU
		{45580A0A-7597-497F-978A-DB380E96CCF1}.Release|Any CPU.ActiveCfg = Release|Any CPU
		{45580A0A-7597-497F-978A-DB380E96CCF1}.Release|Any CPU.Build.0 = Release|Any CPU
		{45580A0A-7597-497F-978A-DB380E96CCF1}.Release|x64.ActiveCfg = Release|Any CPU
		{45580A0A-7597-497F-978A-DB380E96CCF1}.Release|x64.Build.0 = Release|Any CPU
		{45580A0A-7597-497F-978A-DB380E96CCF1}.Release|x86.ActiveCfg = Release|Any CPU
		{45580A0A-7597-497F-978A-DB380E96CCF1}.Release|x86.Build.0 = Release|Any CPU
		{DD18CCA0-7FD1-413B-9A33-CC622501BCD3}.Debug|Any CPU.ActiveCfg = Debug|Any CPU
		{DD18CCA0-7FD1-413B-9A33-CC622501BCD3}.Debug|Any CPU.Build.0 = Debug|Any CPU
		{DD18CCA0-7FD1-413B-9A33-CC622501BCD3}.Debug|x64.ActiveCfg = Debug|Any CPU
		{DD18CCA0-7FD1-413B-9A33-CC622501BCD3}.Debug|x64.Build.0 = Debug|Any CPU
		{DD18CCA0-7FD1-413B-9A33-CC622501BCD3}.Debug|x86.ActiveCfg = Debug|Any CPU
		{DD18CCA0-7FD1-413B-9A33-CC622501BCD3}.Debug|x86.Build.0 = Debug|Any CPU
		{DD18CCA0-7FD1-413B-9A33-CC622501BCD3}.Release|Any CPU.ActiveCfg = Release|Any CPU
		{DD18CCA0-7FD1-413B-9A33-CC622501BCD3}.Release|Any CPU.Build.0 = Release|Any CPU
		{DD18CCA0-7FD1-413B-9A33-CC622501BCD3}.Release|x64.ActiveCfg = Release|Any CPU
		{DD18CCA0-7FD1-413B-9A33-CC622501BCD3}.Release|x64.Build.0 = Release|Any CPU
		{DD18CCA0-7FD1-413B-9A33-CC622501BCD3}.Release|x86.ActiveCfg = Release|Any CPU
		{DD18CCA0-7FD1-413B-9A33-CC622501BCD3}.Release|x86.Build.0 = Release|Any CPU
	EndGlobalSection
	GlobalSection(SolutionProperties) = preSolution
		HideSolutionNode = FALSE
	EndGlobalSection
	GlobalSection(ExtensibilityGlobals) = postSolution
		SolutionGuid = {0DF9A731-D413-4085-BDB6-87756BDAE193}
	EndGlobalSection
EndGlobal
